{
  "name": "ak-trivy-verify-fixture",
  "version": "1.0.0",
  "lockfileVersion": 3,
  "requires": true,
  "comment": [
    "Deliberately vulnerable fixture for scripts/verify-image.sh.",
    "lodash 4.17.15 carries CVE-2021-23337 (HIGH, command injection via template)",
    "and CVE-2020-8203 (HIGH, prototype pollution), both fixed in 4.17.21.",
    "These are long-settled, universally-carried advisories, so this fixture",
    "keeps producing findings across vulnerability-DB revisions.",
    "DO NOT bump these versions: a build that scans this tree and reports",
    "nothing is a broken scanner, and that is exactly what we are testing for."
  ],
  "packages": {
    "": {
      "name": "ak-trivy-verify-fixture",
      "version": "1.0.0",
      "dependencies": {
        "lodash": "4.17.15"
      }
    },
    "node_modules/lodash": {
      "version": "4.17.15",
      "resolved": "https://registry.npmjs.org/lodash/-/lodash-4.17.15.tgz",
      "integrity": "sha512-8xOcRHvCjnocdS5cpwXQXVzmmh5e5+saE2QGoeQmbKmRS6J3VQppPOIt0MnmE+4xlZoumy0GPG0D0MVIQbNA1A=="
    }
  }
}
